// !$*UTF8*$!
{
	archiveVersion = 1;
	classes = {
	};
	objectVersion = 46;
	objects = {

/* Begin PBXBuildFile section */
		73DC9F05712E0BAF7CA4D865 /* libPods.a in Frameworks */ = {isa = PBXBuildFile; fileRef = D0448935A0748D61DD752C84 /* libPods.a */; };
		A31DABEA1C736273002FA9A3 /* PostContentOptionsTableViewController.m in Sources */ = {isa = PBXBuildFile; fileRef = A31DABE91C736273002FA9A3 /* PostContentOptionsTableViewController.m */; };
		A31DABED1C736729002FA9A3 /* DirectUploadViewController.m in Sources */ = {isa = PBXBuildFile; fileRef = A31DABEC1C736729002FA9A3 /* DirectUploadViewController.m */; };
		A3225F671C6C5A0900430903 /* NewsFeedViewController.m in Sources */ = {isa = PBXBuildFile; fileRef = A3225F661C6C5A0900430903 /* NewsFeedViewController.m */; };
		A349FCF21C70760100F33898 /* NewsFeedView.xib in Resources */ = {isa = PBXBuildFile; fileRef = A349FCF11C70760100F33898 /* NewsFeedView.xib */; };
		A349FCF51C7077BB00F33898 /* NewsFeedTableViewCell.m in Sources */ = {isa = PBXBuildFile; fileRef = A349FCF41C7077BB00F33898 /* NewsFeedTableViewCell.m */; };
		A349FCFF1C7078F600F33898 /* feed0.png in Resources */ = {isa = PBXBuildFile; fileRef = A349FCF71C7078F600F33898 /* feed0.png */; };
		A349FD001C7078F600F33898 /* feed1.png in Resources */ = {isa = PBXBuildFile; fileRef = A349FCF81C7078F600F33898 /* feed1.png */; };
		A349FD011C7078F600F33898 /* feed2.png in Resources */ = {isa = PBXBuildFile; fileRef = A349FCF91C7078F600F33898 /* feed2.png */; };
		A349FD021C7078F600F33898 /* feed3.png in Resources */ = {isa = PBXBuildFile; fileRef = A349FCFA1C7078F600F33898 /* feed3.png */; };
		A349FD031C7078F600F33898 /* feed4.png in Resources */ = {isa = PBXBuildFile; fileRef = A349FCFB1C7078F600F33898 /* feed4.png */; };
		A349FD041C7078F600F33898 /* feed5.png in Resources */ = {isa = PBXBuildFile; fileRef = A349FCFC1C7078F600F33898 /* feed5.png */; };
		A349FD051C7078F600F33898 /* feed6.png in Resources */ = {isa = PBXBuildFile; fileRef = A349FCFD1C7078F600F33898 /* feed6.png */; };
		A349FD061C7078F600F33898 /* feed7.png in Resources */ = {isa = PBXBuildFile; fileRef = A349FCFE1C7078F600F33898 /* feed7.png */; };
		A349FD0D1C707A8400F33898 /* appicon-15.png in Resources */ = {isa = PBXBuildFile; fileRef = A349FD071C707A8400F33898 /* appicon-15.png */; };
		A349FD0E1C707A8400F33898 /* appicon-16.png in Resources */ = {isa = PBXBuildFile; fileRef = A349FD081C707A8400F33898 /* appicon-16.png */; };
		A349FD0F1C707A8400F33898 /* appicon-17.png in Resources */ = {isa = PBXBuildFile; fileRef = A349FD091C707A8400F33898 /* appicon-17.png */; };
		A349FD101C707A8400F33898 /* appicon-18.png in Resources */ = {isa = PBXBuildFile; fileRef = A349FD0A1C707A8400F33898 /* appicon-18.png */; };
		A349FD111C707A8400F33898 /* appicon-19.png in Resources */ = {isa = PBXBuildFile; fileRef = A349FD0B1C707A8400F33898 /* appicon-19.png */; };
		A349FD121C707A8400F33898 /* appicon-20.png in Resources */ = {isa = PBXBuildFile; fileRef = A349FD0C1C707A8400F33898 /* appicon-20.png */; };
		A349FD1B1C707CDE00F33898 /* pic0.png in Resources */ = {isa = PBXBuildFile; fileRef = A349FD151C707CDE00F33898 /* pic0.png */; };
		A349FD1C1C707CDE00F33898 /* pic1.png in Resources */ = {isa = PBXBuildFile; fileRef = A349FD161C707CDE00F33898 /* pic1.png */; };
		A349FD1D1C707CDE00F33898 /* pic2.png in Resources */ = {isa = PBXBuildFile; fileRef = A349FD171C707CDE00F33898 /* pic2.png */; };
		A349FD1E1C707CDE00F33898 /* pic3.png in Resources */ = {isa = PBXBuildFile; fileRef = A349FD181C707CDE00F33898 /* pic3.png */; };
		A349FD1F1C707CDE00F33898 /* pic54.png in Resources */ = {isa = PBXBuildFile; fileRef = A349FD191C707CDE00F33898 /* pic54.png */; };
		A349FD201C707CDE00F33898 /* pic5.png in Resources */ = {isa = PBXBuildFile; fileRef = A349FD1A1C707CDE00F33898 /* pic5.png */; };
		A349FD221C70831B00F33898 /* CustomCollectionViewCell.xib in Resources */ = {isa = PBXBuildFile; fileRef = A349FD211C70831B00F33898 /* CustomCollectionViewCell.xib */; };
		A349FD251C70837900F33898 /* CustomCollectionViewCell.m in Sources */ = {isa = PBXBuildFile; fileRef = A349FD241C70837900F33898 /* CustomCollectionViewCell.m */; };
		A352BF5B1C71FCDA00378A62 /* vid0.jpg in Resources */ = {isa = PBXBuildFile; fileRef = A352BF551C71FCDA00378A62 /* vid0.jpg */; };
		A352BF5C1C71FCDA00378A62 /* vid1.jpg in Resources */ = {isa = PBXBuildFile; fileRef = A352BF561C71FCDA00378A62 /* vid1.jpg */; };
		A352BF5D1C71FCDA00378A62 /* vid2.jpg in Resources */ = {isa = PBXBuildFile; fileRef = A352BF571C71FCDA00378A62 /* vid2.jpg */; };
		A352BF5E1C71FCDA00378A62 /* vid3.jpg in Resources */ = {isa = PBXBuildFile; fileRef = A352BF581C71FCDA00378A62 /* vid3.jpg */; };
		A352BF5F1C71FCDA00378A62 /* vid4.jpg in Resources */ = {isa = PBXBuildFile; fileRef = A352BF591C71FCDA00378A62 /* vid4.jpg */; };
		A352BF601C71FCDA00378A62 /* vid5.jpg in Resources */ = {isa = PBXBuildFile; fileRef = A352BF5A1C71FCDA00378A62 /* vid5.jpg */; };
		A352BF6B1C72005F00378A62 /* lists-01.png in Resources */ = {isa = PBXBuildFile; fileRef = A352BF631C72005F00378A62 /* lists-01.png */; };
		A352BF6C1C72005F00378A62 /* lists-02.png in Resources */ = {isa = PBXBuildFile; fileRef = A352BF641C72005F00378A62 /* lists-02.png */; };
		A352BF6D1C72005F00378A62 /* lists-03.png in Resources */ = {isa = PBXBuildFile; fileRef = A352BF651C72005F00378A62 /* lists-03.png */; };
		A352BF6E1C72005F00378A62 /* lists-04.png in Resources */ = {isa = PBXBuildFile; fileRef = A352BF661C72005F00378A62 /* lists-04.png */; };
		A352BF6F1C72005F00378A62 /* lists-05.png in Resources */ = {isa = PBXBuildFile; fileRef = A352BF671C72005F00378A62 /* lists-05.png */; };
		A352BF701C72005F00378A62 /* lists-06.png in Resources */ = {isa = PBXBuildFile; fileRef = A352BF681C72005F00378A62 /* lists-06.png */; };
		A352BF711C72005F00378A62 /* lists-07.png in Resources */ = {isa = PBXBuildFile; fileRef = A352BF691C72005F00378A62 /* lists-07.png */; };
		A352BF721C72005F00378A62 /* lists-08.png in Resources */ = {isa = PBXBuildFile; fileRef = A352BF6A1C72005F00378A62 /* lists-08.png */; };
		A352BF751C7209E500378A62 /* ContentViewController.m in Sources */ = {isa = PBXBuildFile; fileRef = A352BF741C7209E500378A62 /* ContentViewController.m */; };
		A39F1A521C724AE000ADBCCB /* PostCreatorViewController.m in Sources */ = {isa = PBXBuildFile; fileRef = A39F1A511C724AE000ADBCCB /* PostCreatorViewController.m */; };
		A3AAF6BE1C6BA9CE00F3B454 /* main.m in Sources */ = {isa = PBXBuildFile; fileRef = A3AAF6BD1C6BA9CE00F3B454 /* main.m */; };
		A3AAF6C11C6BA9CE00F3B454 /* AppDelegate.m in Sources */ = {isa = PBXBuildFile; fileRef = A3AAF6C01C6BA9CE00F3B454 /* AppDelegate.m */; };
		A3AAF6C71C6BA9CE00F3B454 /* Main.storyboard in Resources */ = {isa = PBXBuildFile; fileRef = A3AAF6C51C6BA9CE00F3B454 /* Main.storyboard */; };
		A3AAF6C91C6BA9CE00F3B454 /* Assets.xcassets in Resources */ = {isa = PBXBuildFile; fileRef = A3AAF6C81C6BA9CE00F3B454 /* Assets.xcassets */; };
		A3AAF6CC1C6BA9CE00F3B454 /* LaunchScreen.storyboard in Resources */ = {isa = PBXBuildFile; fileRef = A3AAF6CA1C6BA9CE00F3B454 /* LaunchScreen.storyboard */; };
		A3AAF6D71C6BA9CF00F3B454 /* YIKSONTests.m in Sources */ = {isa = PBXBuildFile; fileRef = A3AAF6D61C6BA9CF00F3B454 /* YIKSONTests.m */; };
		A3AAF6E21C6BA9CF00F3B454 /* YIKSONUITests.m in Sources */ = {isa = PBXBuildFile; fileRef = A3AAF6E11C6BA9CF00F3B454 /* YIKSONUITests.m */; };
		A3AAF6F41C6BAD1D00F3B454 /* appicon-01.png in Resources */ = {isa = PBXBuildFile; fileRef = A3AAF6EF1C6BAD1D00F3B454 /* appicon-01.png */; };
		A3AAF6F61C6BAD1D00F3B454 /* appicon-02.png in Resources */ = {isa = PBXBuildFile; fileRef = A3AAF6F11C6BAD1D00F3B454 /* appicon-02.png */; };
		A3AAF6F71C6BAD1D00F3B454 /* appicon-03.png in Resources */ = {isa = PBXBuildFile; fileRef = A3AAF6F21C6BAD1D00F3B454 /* appicon-03.png */; };
		A3AAF6F81C6BAD1D00F3B454 /* appicon-04.png in Resources */ = {isa = PBXBuildFile; fileRef = A3AAF6F31C6BAD1D00F3B454 /* appicon-04.png */; };
		A3AAF6FA1C6BB2D000F3B454 /* logonavbar.png in Resources */ = {isa = PBXBuildFile; fileRef = A3AAF6F91C6BB2D000F3B454 /* logonavbar.png */; };
		A3AAF6FC1C6BBAE400F3B454 /* OptionSelect.xib in Resources */ = {isa = PBXBuildFile; fileRef = A3AAF6FB1C6BBAE400F3B454 /* OptionSelect.xib */; };
		A3AAF6FE1C6BBBA500F3B454 /* OptionCell.xib in Resources */ = {isa = PBXBuildFile; fileRef = A3AAF6FD1C6BBBA500F3B454 /* OptionCell.xib */; };
		A3AAF7011C6BBC4C00F3B454 /* OptionCell.m in Sources */ = {isa = PBXBuildFile; fileRef = A3AAF7001C6BBC4C00F3B454 /* OptionCell.m */; };
		A3AAF7041C6BBCB600F3B454 /* OptionSelect.m in Sources */ = {isa = PBXBuildFile; fileRef = A3AAF7031C6BBCB600F3B454 /* OptionSelect.m */; };
		A3AAF7071C6BBDA100F3B454 /* FeedViewController.m in Sources */ = {isa = PBXBuildFile; fileRef = A3AAF7061C6BBDA100F3B454 /* FeedViewController.m */; };
		A3AAF70A1C6BC22600F3B454 /* VideoFeedViewController.m in Sources */ = {isa = PBXBuildFile; fileRef = A3AAF7091C6BC22600F3B454 /* VideoFeedViewController.m */; };
		A3AAF70D1C6BC38800F3B454 /* ArticleViewController.m in Sources */ = {isa = PBXBuildFile; fileRef = A3AAF70C1C6BC38800F3B454 /* ArticleViewController.m */; };
		A3AAF70F1C6BC51000F3B454 /* appicon-05.png in Resources */ = {isa = PBXBuildFile; fileRef = A3AAF70E1C6BC51000F3B454 /* appicon-05.png */; };
		A3AAF7111C6BC51400F3B454 /* appicon-06.png in Resources */ = {isa = PBXBuildFile; fileRef = A3AAF7101C6BC51400F3B454 /* appicon-06.png */; };
		A3AAF7141C6BC6AD00F3B454 /* ProfileViewController.m in Sources */ = {isa = PBXBuildFile; fileRef = A3AAF7131C6BC6AD00F3B454 /* ProfileViewController.m */; };
		A3C382C61C7239140015730F /* ArticleContentViewController.m in Sources */ = {isa = PBXBuildFile; fileRef = A3C382C51C7239140015730F /* ArticleContentViewController.m */; };
		A3C382C81C723AE00015730F /* mars-curiosity.jpg in Resources */ = {isa = PBXBuildFile; fileRef = A3C382C71C723AE00015730F /* mars-curiosity.jpg */; };
		A3C382CA1C723E910015730F /* YIKSONCOVER.png in Resources */ = {isa = PBXBuildFile; fileRef = A3C382C91C723E910015730F /* YIKSONCOVER.png */; };
		A3C382CD1C723FD00015730F /* ProfileMainCell.xib in Resources */ = {isa = PBXBuildFile; fileRef = A3C382CC1C723FD00015730F /* ProfileMainCell.xib */; };
		A3C382D21C7242150015730F /* appicon-08.png in Resources */ = {isa = PBXBuildFile; fileRef = A3C382CE1C7242150015730F /* appicon-08.png */; };
		A3C382D31C7242150015730F /* appicon-09.png in Resources */ = {isa = PBXBuildFile; fileRef = A3C382CF1C7242150015730F /* appicon-09.png */; };
		A3C382D41C7242150015730F /* appicon-10.png in Resources */ = {isa = PBXBuildFile; fileRef = A3C382D01C7242150015730F /* appicon-10.png */; };
		A3C382D51C7242150015730F /* appicon-11.png in Resources */ = {isa = PBXBuildFile; fileRef = A3C382D11C7242150015730F /* appicon-11.png */; };
		A3C382D81C7243AF0015730F /* ProfileMainTableViewCell.m in Sources */ = {isa = PBXBuildFile; fileRef = A3C382D71C7243AF0015730F /* ProfileMainTableViewCell.m */; };
/* End PBXBuildFile section */

/* Begin PBXContainerItemProxy section */
		A3AAF6D31C6BA9CF00F3B454 /* PBXContainerItemProxy */ = {
			isa = PBXContainerItemProxy;
			containerPortal = A3AAF6B11C6BA9CE00F3B454 /* Project object */;
			proxyType = 1;
			remoteGlobalIDString = A3AAF6B81C6BA9CE00F3B454;
			remoteInfo = YIKSON;
		};
		A3AAF6DE1C6BA9CF00F3B454 /* PBXContainerItemProxy */ = {
			isa = PBXContainerItemProxy;
			containerPortal = A3AAF6B11C6BA9CE00F3B454 /* Project object */;
			proxyType = 1;
			remoteGlobalIDString = A3AAF6B81C6BA9CE00F3B454;
			remoteInfo = YIKSON;
		};
/* End PBXContainerItemProxy section */

/* Begin PBXFileReference section */
		A31DABE81C736273002FA9A3 /* PostContentOptionsTableViewController.h */ = {isa = PBXFileReference; fileEncoding = 4; lastKnownFileType = sourcecode.c.h; path = PostContentOptionsTableViewController.h; sourceTree = "<group>"; };
		A31DABE91C736273002FA9A3 /* PostContentOptionsTableViewController.m */ = {isa = PBXFileReference; fileEncoding = 4; lastKnownFileType = sourcecode.c.objc; path = PostContentOptionsTableViewController.m; sourceTree = "<group>"; };
		A31DABEB1C736729002FA9A3 /* DirectUploadViewController.h */ = {isa = PBXFileReference; fileEncoding = 4; lastKnownFileType = sourcecode.c.h; path = DirectUploadViewController.h; sourceTree = "<group>"; };
		A31DABEC1C736729002FA9A3 /* DirectUploadViewController.m */ = {isa = PBXFileReference; fileEncoding = 4; lastKnownFileType = sourcecode.c.objc; path = DirectUploadViewController.m; sourceTree = "<group>"; };
		A3225F641C6C598A00430903 /* Yikson-Prefix.pch */ = {isa = PBXFileReference; lastKnownFileType = sourcecode.c.h; path = "Yikson-Prefix.pch"; sourceTree = "<group>"; };
		A3225F651C6C5A0900430903 /* NewsFeedViewController.h */ = {isa = PBXFileReference; fileEncoding = 4; lastKnownFileType = sourcecode.c.h; path = NewsFeedViewController.h; sourceTree = "<group>"; };
		A3225F661C6C5A0900430903 /* NewsFeedViewController.m */ = {isa = PBXFileReference; fileEncoding = 4; lastKnownFileType = sourcecode.c.objc; path = NewsFeedViewController.m; sourceTree = "<group>"; };
		A349FCF11C70760100F33898 /* NewsFeedView.xib */ = {isa = PBXFileReference; fileEncoding = 4; lastKnownFileType = file.xib; path = NewsFeedView.xib; sourceTree = "<group>"; };
		A349FCF31C7077BB00F33898 /* NewsFeedTableViewCell.h */ = {isa = PBXFileReference; fileEncoding = 4; lastKnownFileType = sourcecode.c.h; path = NewsFeedTableViewCell.h; sourceTree = "<group>"; };
		A349FCF41C7077BB00F33898 /* NewsFeedTableViewCell.m */ = {isa = PBXFileReference; fileEncoding = 4; lastKnownFileType = sourcecode.c.objc; path = NewsFeedTableViewCell.m; sourceTree = "<group>"; };
		A349FCF71C7078F600F33898 /* feed0.png */ = {isa = PBXFileReference; lastKnownFileType = image.png; path = feed0.png; sourceTree = "<group>"; };
		A349FCF81C7078F600F33898 /* feed1.png */ = {isa = PBXFileReference; lastKnownFileType = image.png; path = feed1.png; sourceTree = "<group>"; };
		A349FCF91C7078F600F33898 /* feed2.png */ = {isa = PBXFileReference; lastKnownFileType = image.png; path = feed2.png; sourceTree = "<group>"; };
		A349FCFA1C7078F600F33898 /* feed3.png */ = {isa = PBXFileReference; lastKnownFileType = image.png; path = feed3.png; sourceTree = "<group>"; };
		A349FCFB1C7078F600F33898 /* feed4.png */ = {isa = PBXFileReference; lastKnownFileType = image.png; path = feed4.png; sourceTree = "<group>"; };
		A349FCFC1C7078F600F33898 /* feed5.png */ = {isa = PBXFileReference; lastKnownFileType = image.png; path = feed5.png; sourceTree = "<group>"; };
		A349FCFD1C7078F600F33898 /* feed6.png */ = {isa = PBXFileReference; lastKnownFileType = image.png; path = feed6.png; sourceTree = "<group>"; };
		A349FCFE1C7078F600F33898 /* feed7.png */ = {isa = PBXFileReference; lastKnownFileType = image.png; path = feed7.png; sourceTree = "<group>"; };
		A349FD071C707A8400F33898 /* appicon-15.png */ = {isa = PBXFileReference; lastKnownFileType = image.png; path = "appicon-15.png"; sourceTree = "<group>"; };
		A349FD081C707A8400F33898 /* appicon-16.png */ = {isa = PBXFileReference; lastKnownFileType = image.png; path = "appicon-16.png"; sourceTree = "<group>"; };
		A349FD091C707A8400F33898 /* appicon-17.png */ = {isa = PBXFileReference; lastKnownFileType = image.png; path = "appicon-17.png"; sourceTree = "<group>"; };
		A349FD0A1C707A8400F33898 /* appicon-18.png */ = {isa = PBXFileReference; lastKnownFileType = image.png; path = "appicon-18.png"; sourceTree = "<group>"; };
		A349FD0B1C707A8400F33898 /* appicon-19.png */ = {isa = PBXFileReference; lastKnownFileType = image.png; path = "appicon-19.png"; sourceTree = "<group>"; };
		A349FD0C1C707A8400F33898 /* appicon-20.png */ = {isa = PBXFileReference; lastKnownFileType = image.png; path = "appicon-20.png"; sourceTree = "<group>"; };
		A349FD151C707CDE00F33898 /* pic0.png */ = {isa = PBXFileReference; lastKnownFileType = image.png; path = pic0.png; sourceTree = "<group>"; };
		A349FD161C707CDE00F33898 /* pic1.png */ = {isa = PBXFileReference; lastKnownFileType = image.png; path = pic1.png; sourceTree = "<group>"; };
		A349FD171C707CDE00F33898 /* pic2.png */ = {isa = PBXFileReference; lastKnownFileType = image.png; path = pic2.png; sourceTree = "<group>"; };
		A349FD181C707CDE00F33898 /* pic3.png */ = {isa = PBXFileReference; lastKnownFileType = image.png; path = pic3.png; sourceTree = "<group>"; };
		A349FD191C707CDE00F33898 /* pic54.png */ = {isa = PBXFileReference; lastKnownFileType = image.png; path = pic54.png; sourceTree = "<group>"; };
		A349FD1A1C707CDE00F33898 /* pic5.png */ = {isa = PBXFileReference; lastKnownFileType = image.png; path = pic5.png; sourceTree = "<group>"; };
		A349FD211C70831B00F33898 /* CustomCollectionViewCell.xib */ = {isa = PBXFileReference; fileEncoding = 4; lastKnownFileType = file.xib; path = CustomCollectionViewCell.xib; sourceTree = "<group>"; };
		A349FD231C70837900F33898 /* CustomCollectionViewCell.h */ = {isa = PBXFileReference; fileEncoding = 4; lastKnownFileType = sourcecode.c.h; path = CustomCollectionViewCell.h; sourceTree = "<group>"; };
		A349FD241C70837900F33898 /* CustomCollectionViewCell.m */ = {isa = PBXFileReference; fileEncoding = 4; lastKnownFileType = sourcecode.c.objc; path = CustomCollectionViewCell.m; sourceTree = "<group>"; };
		A352BF551C71FCDA00378A62 /* vid0.jpg */ = {isa = PBXFileReference; lastKnownFileType = image.jpeg; path = vid0.jpg; sourceTree = "<group>"; };
		A352BF561C71FCDA00378A62 /* vid1.jpg */ = {isa = PBXFileReference; lastKnownFileType = image.jpeg; path = vid1.jpg; sourceTree = "<group>"; };
		A352BF571C71FCDA00378A62 /* vid2.jpg */ = {isa = PBXFileReference; lastKnownFileType = image.jpeg; path = vid2.jpg; sourceTree = "<group>"; };
		A352BF581C71FCDA00378A62 /* vid3.jpg */ = {isa = PBXFileReference; lastKnownFileType = image.jpeg; path = vid3.jpg; sourceTree = "<group>"; };
		A352BF591C71FCDA00378A62 /* vid4.jpg */ = {isa = PBXFileReference; lastKnownFileType = image.jpeg; path = vid4.jpg; sourceTree = "<group>"; };
		A352BF5A1C71FCDA00378A62 /* vid5.jpg */ = {isa = PBXFileReference; lastKnownFileType = image.jpeg; path = vid5.jpg; sourceTree = "<group>"; };
		A352BF631C72005F00378A62 /* lists-01.png */ = {isa = PBXFileReference; lastKnownFileType = image.png; path = "lists-01.png"; sourceTree = "<group>"; };
		A352BF641C72005F00378A62 /* lists-02.png */ = {isa = PBXFileReference; lastKnownFileType = image.png; path = "lists-02.png"; sourceTree = "<group>"; };
		A352BF651C72005F00378A62 /* lists-03.png */ = {isa = PBXFileReference; lastKnownFileType = image.png; path = "lists-03.png"; sourceTree = "<group>"; };
		A352BF661C72005F00378A62 /* lists-04.png */ = {isa = PBXFileReference; lastKnownFileType = image.png; path = "lists-04.png"; sourceTree = "<group>"; };
		A352BF671C72005F00378A62 /* lists-05.png */ = {isa = PBXFileReference; lastKnownFileType = image.png; path = "lists-05.png"; sourceTree = "<group>"; };
		A352BF681C72005F00378A62 /* lists-06.png */ = {isa = PBXFileReference; lastKnownFileType = image.png; path = "lists-06.png"; sourceTree = "<group>"; };
		A352BF691C72005F00378A62 /* lists-07.png */ = {isa = PBXFileReference; lastKnownFileType = image.png; path = "lists-07.png"; sourceTree = "<group>"; };
		A352BF6A1C72005F00378A62 /* lists-08.png */ = {isa = PBXFileReference; lastKnownFileType = image.png; path = "lists-08.png"; sourceTree = "<group>"; };
		A352BF731C7209E500378A62 /* ContentViewController.h */ = {isa = PBXFileReference; fileEncoding = 4; lastKnownFileType = sourcecode.c.h; path = ContentViewController.h; sourceTree = "<group>"; };
		A352BF741C7209E500378A62 /* ContentViewController.m */ = {isa = PBXFileReference; fileEncoding = 4; lastKnownFileType = sourcecode.c.objc; path = ContentViewController.m; sourceTree = "<group>"; };
		A39F1A501C724AE000ADBCCB /* PostCreatorViewController.h */ = {isa = PBXFileReference; fileEncoding = 4; lastKnownFileType = sourcecode.c.h; path = PostCreatorViewController.h; sourceTree = "<group>"; };
		A39F1A511C724AE000ADBCCB /* PostCreatorViewController.m */ = {isa = PBXFileReference; fileEncoding = 4; lastKnownFileType = sourcecode.c.objc; path = PostCreatorViewController.m; sourceTree = "<group>"; };
		A3AAF6B91C6BA9CE00F3B454 /* YIKSON.app */ = {isa = PBXFileReference; explicitFileType = wrapper.application; includeInIndex = 0; path = YIKSON.app; sourceTree = BUILT_PRODUCTS_DIR; };
		A3AAF6BD1C6BA9CE00F3B454 /* main.m */ = {isa = PBXFileReference; lastKnownFileType = sourcecode.c.objc; path = main.m; sourceTree = "<group>"; };
		A3AAF6BF1C6BA9CE00F3B454 /* AppDelegate.h */ = {isa = PBXFileReference; lastKnownFileType = sourcecode.c.h; path = AppDelegate.h; sourceTree = "<group>"; };
		A3AAF6C01C6BA9CE00F3B454 /* AppDelegate.m */ = {isa = PBXFileReference; lastKnownFileType = sourcecode.c.objc; path = AppDelegate.m; sourceTree = "<group>"; };
		A3AAF6C61C6BA9CE00F3B454 /* Base */ = {isa = PBXFileReference; lastKnownFileType = file.storyboard; name = Base; path = Base.lproj/Main.storyboard; sourceTree = "<group>"; };
		A3AAF6C81C6BA9CE00F3B454 /* Assets.xcassets */ = {isa = PBXFileReference; lastKnownFileType = folder.assetcatalog; path = Assets.xcassets; sourceTree = "<group>"; };
		A3AAF6CB1C6BA9CE00F3B454 /* Base */ = {isa = PBXFileReference; lastKnownFileType = file.storyboard; name = Base; path = Base.lproj/LaunchScreen.storyboard; sourceTree = "<group>"; };
		A3AAF6CD1C6BA9CE00F3B454 /* Info.plist */ = {isa = PBXFileReference; lastKnownFileType = text.plist.xml; path = Info.plist; sourceTree = "<group>"; };
		A3AAF6D21C6BA9CF00F3B454 /* YIKSONTests.xctest */ = {isa = PBXFileReference; explicitFileType = wrapper.cfbundle; includeInIndex = 0; path = YIKSONTests.xctest; sourceTree = BUILT_PRODUCTS_DIR; };
		A3AAF6D61C6BA9CF00F3B454 /* YIKSONTests.m */ = {isa = PBXFileReference; lastKnownFileType = sourcecode.c.objc; path = YIKSONTests.m; sourceTree = "<group>"; };
		A3AAF6D81C6BA9CF00F3B454 /* Info.plist */ = {isa = PBXFileReference; lastKnownFileType = text.plist.xml; path = Info.plist; sourceTree = "<group>"; };
		A3AAF6DD1C6BA9CF00F3B454 /* YIKSONUITests.xctest */ = {isa = PBXFileReference; explicitFileType = wrapper.cfbundle; includeInIndex = 0; path = YIKSONUITests.xctest; sourceTree = BUILT_PRODUCTS_DIR; };
		A3AAF6E11C6BA9CF00F3B454 /* YIKSONUITests.m */ = {isa = PBXFileReference; lastKnownFileType = sourcecode.c.objc; path = YIKSONUITests.m; sourceTree = "<group>"; };
		A3AAF6E31C6BA9CF00F3B454 /* Info.plist */ = {isa = PBXFileReference; lastKnownFileType = text.plist.xml; path = Info.plist; sourceTree = "<group>"; };
		A3AAF6EF1C6BAD1D00F3B454 /* appicon-01.png */ = {isa = PBXFileReference; lastKnownFileType = image.png; path = "appicon-01.png"; sourceTree = "<group>"; };
		A3AAF6F11C6BAD1D00F3B454 /* appicon-02.png */ = {isa = PBXFileReference; lastKnownFileType = image.png; path = "appicon-02.png"; sourceTree = "<group>"; };
		A3AAF6F21C6BAD1D00F3B454 /* appicon-03.png */ = {isa = PBXFileReference; lastKnownFileType = image.png; path = "appicon-03.png"; sourceTree = "<group>"; };
		A3AAF6F31C6BAD1D00F3B454 /* appicon-04.png */ = {isa = PBXFileReference; lastKnownFileType = image.png; path = "appicon-04.png"; sourceTree = "<group>"; };
		A3AAF6F91C6BB2D000F3B454 /* logonavbar.png */ = {isa = PBXFileReference; lastKnownFileType = image.png; path = logonavbar.png; sourceTree = "<group>"; };
		A3AAF6FB1C6BBAE400F3B454 /* OptionSelect.xib */ = {isa = PBXFileReference; fileEncoding = 4; lastKnownFileType = file.xib; path = OptionSelect.xib; sourceTree = "<group>"; };
		A3AAF6FD1C6BBBA500F3B454 /* OptionCell.xib */ = {isa = PBXFileReference; fileEncoding = 4; lastKnownFileType = file.xib; path = OptionCell.xib; sourceTree = "<group>"; };
		A3AAF6FF1C6BBC4C00F3B454 /* OptionCell.h */ = {isa = PBXFileReference; fileEncoding = 4; lastKnownFileType = sourcecode.c.h; path = OptionCell.h; sourceTree = "<group>"; };
		A3AAF7001C6BBC4C00F3B454 /* OptionCell.m */ = {isa = PBXFileReference; fileEncoding = 4; lastKnownFileType = sourcecode.c.objc; path = OptionCell.m; sourceTree = "<group>"; };
		A3AAF7021C6BBCB600F3B454 /* OptionSelect.h */ = {isa = PBXFileReference; fileEncoding = 4; lastKnownFileType = sourcecode.c.h; path = OptionSelect.h; sourceTree = "<group>"; };
		A3AAF7031C6BBCB600F3B454 /* OptionSelect.m */ = {isa = PBXFileReference; fileEncoding = 4; lastKnownFileType = sourcecode.c.objc; path = OptionSelect.m; sourceTree = "<group>"; };
		A3AAF7051C6BBDA100F3B454 /* FeedViewController.h */ = {isa = PBXFileReference; fileEncoding = 4; lastKnownFileType = sourcecode.c.h; path = FeedViewController.h; sourceTree = "<group>"; };
		A3AAF7061C6BBDA100F3B454 /* FeedViewController.m */ = {isa = PBXFileReference; fileEncoding = 4; lastKnownFileType = sourcecode.c.objc; path = FeedViewController.m; sourceTree = "<group>"; };
		A3AAF7081C6BC22600F3B454 /* VideoFeedViewController.h */ = {isa = PBXFileReference; fileEncoding = 4; lastKnownFileType = sourcecode.c.h; path = VideoFeedViewController.h; sourceTree = "<group>"; };
		A3AAF7091C6BC22600F3B454 /* VideoFeedViewController.m */ = {isa = PBXFileReference; fileEncoding = 4; lastKnownFileType = sourcecode.c.objc; path = VideoFeedViewController.m; sourceTree = "<group>"; };
		A3AAF70B1C6BC38800F3B454 /* ArticleViewController.h */ = {isa = PBXFileReference; fileEncoding = 4; lastKnownFileType = sourcecode.c.h; path = ArticleViewController.h; sourceTree = "<group>"; };
		A3AAF70C1C6BC38800F3B454 /* ArticleViewController.m */ = {isa = PBXFileReference; fileEncoding = 4; lastKnownFileType = sourcecode.c.objc; path = ArticleViewController.m; sourceTree = "<group>"; };
		A3AAF70E1C6BC51000F3B454 /* appicon-05.png */ = {isa = PBXFileReference; lastKnownFileType = image.png; path = "appicon-05.png"; sourceTree = "<group>"; };
		A3AAF7101C6BC51400F3B454 /* appicon-06.png */ = {isa = PBXFileReference; lastKnownFileType = image.png; path = "appicon-06.png"; sourceTree = "<group>"; };
		A3AAF7121C6BC6AD00F3B454 /* ProfileViewController.h */ = {isa = PBXFileReference; fileEncoding = 4; lastKnownFileType = sourcecode.c.h; path = ProfileViewController.h; sourceTree = "<group>"; };
		A3AAF7131C6BC6AD00F3B454 /* ProfileViewController.m */ = {isa = PBXFileReference; fileEncoding = 4; lastKnownFileType = sourcecode.c.objc; path = ProfileViewController.m; sourceTree = "<group>"; };
		A3C382C41C7239140015730F /* ArticleContentViewController.h */ = {isa = PBXFileReference; fileEncoding = 4; lastKnownFileType = sourcecode.c.h; path = ArticleContentViewController.h; sourceTree = "<group>"; };
		A3C382C51C7239140015730F /* ArticleContentViewController.m */ = {isa = PBXFileReference; fileEncoding = 4; lastKnownFileType = sourcecode.c.objc; path = ArticleContentViewController.m; sourceTree = "<group>"; };
		A3C382C71C723AE00015730F /* mars-curiosity.jpg */ = {isa = PBXFileReference; lastKnownFileType = image.jpeg; path = "mars-curiosity.jpg"; sourceTree = "<group>"; };
		A3C382C91C723E910015730F /* YIKSONCOVER.png */ = {isa = PBXFileReference; lastKnownFileType = image.png; path = YIKSONCOVER.png; sourceTree = "<group>"; };
		A3C382CC1C723FD00015730F /* ProfileMainCell.xib */ = {isa = PBXFileReference; fileEncoding = 4; lastKnownFileType = file.xib; path = ProfileMainCell.xib; sourceTree = "<group>"; };
		A3C382CE1C7242150015730F /* appicon-08.png */ = {isa = PBXFileReference; lastKnownFileType = image.png; path = "appicon-08.png"; sourceTree = "<group>"; };
		A3C382CF1C7242150015730F /* appicon-09.png */ = {isa = PBXFileReference; lastKnownFileType = image.png; path = "appicon-09.png"; sourceTree = "<group>"; };
		A3C382D01C7242150015730F /* appicon-10.png */ = {isa = PBXFileReference; lastKnownFileType = image.png; path = "appicon-10.png"; sourceTree = "<group>"; };
		A3C382D11C7242150015730F /* appicon-11.png */ = {isa = PBXFileReference; lastKnownFileType = image.png; path = "appicon-11.png"; sourceTree = "<group>"; };
		A3C382D61C7243AF0015730F /* ProfileMainTableViewCell.h */ = {isa = PBXFileReference; fileEncoding = 4; lastKnownFileType = sourcecode.c.h; path = ProfileMainTableViewCell.h; sourceTree = "<group>"; };
		A3C382D71C7243AF0015730F /* ProfileMainTableViewCell.m */ = {isa = PBXFileReference; fileEncoding = 4; lastKnownFileType = sourcecode.c.objc; path = ProfileMainTableViewCell.m; sourceTree = "<group>"; };
		A959F9DA47511FD5E705F95B /* Pods.debug.xcconfig */ = {isa = PBXFileReference; includeInIndex = 1; lastKnownFileType = text.xcconfig; name = Pods.debug.xcconfig; path = "Pods/Target Support Files/Pods/Pods.debug.xcconfig"; sourceTree = "<group>"; };
		D0448935A0748D61DD752C84 /* libPods.a */ = {isa = PBXFileReference; explicitFileType = archive.ar; includeInIndex = 0; path = libPods.a; sourceTree = BUILT_PRODUCTS_DIR; };
		FBBD9D81F964DD355C39238F /* Pods.release.xcconfig */ = {isa = PBXFileReference; includeInIndex = 1; lastKnownFileType = text.xcconfig; name = Pods.release.xcconfig; path = "Pods/Target Support Files/Pods/Pods.release.xcconfig"; sourceTree = "<group>"; };
/* End PBXFileReference section */

/* Begin PBXFrameworksBuildPhase section */
		A3AAF6B61C6BA9CE00F3B454 /* Frameworks */ = {
			isa = PBXFrameworksBuildPhase;
			buildActionMask = 2147483647;
			files = (
				73DC9F05712E0BAF7CA4D865 /* libPods.a in Frameworks */,
			);
			runOnlyForDeploymentPostprocessing = 0;
		};
		A3AAF6CF1C6BA9CF00F3B454 /* Frameworks */ = {
			isa = PBXFrameworksBuildPhase;
			buildActionMask = 2147483647;
			files = (
			);
			runOnlyForDeploymentPostprocessing = 0;
		};
		A3AAF6DA1C6BA9CF00F3B454 /* Frameworks */ = {
			isa = PBXFrameworksBuildPhase;
			buildActionMask = 2147483647;
			files = (
			);
			runOnlyForDeploymentPostprocessing = 0;
		};
/* End PBXFrameworksBuildPhase section */

/* Begin PBXGroup section */
		004D4468C051E056DE2DC1A7 /* Pods */ = {
			isa = PBXGroup;
			children = (
				A959F9DA47511FD5E705F95B /* Pods.debug.xcconfig */,
				FBBD9D81F964DD355C39238F /* Pods.release.xcconfig */,
			);
			name = Pods;
			sourceTree = "<group>";
		};
		4D2E0F417B6A0F2CA2195E59 /* Frameworks */ = {
			isa = PBXGroup;
			children = (
				D0448935A0748D61DD752C84 /* libPods.a */,
			);
			name = Frameworks;
			sourceTree = "<group>";
		};
		A349FCF01C7075EB00F33898 /* NewsFeedView */ = {
			isa = PBXGroup;
			children = (
				A349FCF11C70760100F33898 /* NewsFeedView.xib */,
				A349FCF31C7077BB00F33898 /* NewsFeedTableViewCell.h */,
				A349FCF41C7077BB00F33898 /* NewsFeedTableViewCell.m */,
			);
			name = NewsFeedView;
			sourceTree = "<group>";
		};
		A349FCF61C7078BB00F33898 /* FeedImages */ = {
			isa = PBXGroup;
			children = (
				A349FCF71C7078F600F33898 /* feed0.png */,
				A349FCF81C7078F600F33898 /* feed1.png */,
				A349FCF91C7078F600F33898 /* feed2.png */,
				A349FCFA1C7078F600F33898 /* feed3.png */,
				A349FCFB1C7078F600F33898 /* feed4.png */,
				A349FCFC1C7078F600F33898 /* feed5.png */,
				A349FCFD1C7078F600F33898 /* feed6.png */,
				A349FCFE1C7078F600F33898 /* feed7.png */,
			);
			name = FeedImages;
			sourceTree = "<group>";
		};
		A349FD131C707C3F00F33898 /* appicons */ = {
			isa = PBXGroup;
			children = (
				A3C382CE1C7242150015730F /* appicon-08.png */,
				A3C382CF1C7242150015730F /* appicon-09.png */,
				A3C382D01C7242150015730F /* appicon-10.png */,
				A3C382D11C7242150015730F /* appicon-11.png */,
				A349FD071C707A8400F33898 /* appicon-15.png */,
				A349FD081C707A8400F33898 /* appicon-16.png */,
				A349FD091C707A8400F33898 /* appicon-17.png */,
				A349FD0A1C707A8400F33898 /* appicon-18.png */,
				A349FD0B1C707A8400F33898 /* appicon-19.png */,
				A349FD0C1C707A8400F33898 /* appicon-20.png */,
				A3AAF6F91C6BB2D000F3B454 /* logonavbar.png */,
				A3AAF6EF1C6BAD1D00F3B454 /* appicon-01.png */,
				A3AAF6F11C6BAD1D00F3B454 /* appicon-02.png */,
				A3AAF6F21C6BAD1D00F3B454 /* appicon-03.png */,
				A3AAF6F31C6BAD1D00F3B454 /* appicon-04.png */,
				A3AAF70E1C6BC51000F3B454 /* appicon-05.png */,
				A3AAF7101C6BC51400F3B454 /* appicon-06.png */,
			);
			name = appicons;
			sourceTree = "<group>";
		};
		A349FD141C707CC400F33898 /* ProfilePics */ = {
			isa = PBXGroup;
			children = (
				A349FD151C707CDE00F33898 /* pic0.png */,
				A349FD161C707CDE00F33898 /* pic1.png */,
				A349FD171C707CDE00F33898 /* pic2.png */,
				A349FD181C707CDE00F33898 /* pic3.png */,
				A349FD191C707CDE00F33898 /* pic54.png */,
				A349FD1A1C707CDE00F33898 /* pic5.png */,
			);
			name = ProfilePics;
			sourceTree = "<group>";
		};
		A352BF511C71FAAD00378A62 /* CustomCollectionViewCell */ = {
			isa = PBXGroup;
			children = (
				A349FD211C70831B00F33898 /* CustomCollectionViewCell.xib */,
				A349FD231C70837900F33898 /* CustomCollectionViewCell.h */,
				A349FD241C70837900F33898 /* CustomCollectionViewCell.m */,
			);
			name = CustomCollectionViewCell;
			sourceTree = "<group>";
		};
		A352BF521C71FAC200378A62 /* Views */ = {
			isa = PBXGroup;
			children = (
				A352BF511C71FAAD00378A62 /* CustomCollectionViewCell */,
				A349FCF01C7075EB00F33898 /* NewsFeedView */,
				A353070B1C7055C200A8B285 /* OptionSelection */,
				A3C382CC1C723FD00015730F /* ProfileMainCell.xib */,
				A3C382D61C7243AF0015730F /* ProfileMainTableViewCell.h */,
				A3C382D71C7243AF0015730F /* ProfileMainTableViewCell.m */,
			);
			name = Views;
			sourceTree = "<group>";
		};
		A352BF531C71FAEA00378A62 /* Controllers */ = {
			isa = PBXGroup;
			children = (
				A3225F651C6C5A0900430903 /* NewsFeedViewController.h */,
				A3225F661C6C5A0900430903 /* NewsFeedViewController.m */,
				A3AAF7051C6BBDA100F3B454 /* FeedViewController.h */,
				A3AAF7061C6BBDA100F3B454 /* FeedViewController.m */,
				A3AAF7081C6BC22600F3B454 /* VideoFeedViewController.h */,
				A3AAF7091C6BC22600F3B454 /* VideoFeedViewController.m */,
				A3AAF70B1C6BC38800F3B454 /* ArticleViewController.h */,
				A3AAF70C1C6BC38800F3B454 /* ArticleViewController.m */,
				A3AAF7121C6BC6AD00F3B454 /* ProfileViewController.h */,
				A3AAF7131C6BC6AD00F3B454 /* ProfileViewController.m */,
				A3C382C41C7239140015730F /* ArticleContentViewController.h */,
				A3C382C51C7239140015730F /* ArticleContentViewController.m */,
				A352BF731C7209E500378A62 /* ContentViewController.h */,
				A352BF741C7209E500378A62 /* ContentViewController.m */,
				A39F1A501C724AE000ADBCCB /* PostCreatorViewController.h */,
				A39F1A511C724AE000ADBCCB /* PostCreatorViewController.m */,
				A31DABE81C736273002FA9A3 /* PostContentOptionsTableViewController.h */,
				A31DABE91C736273002FA9A3 /* PostContentOptionsTableViewController.m */,
				A31DABEB1C736729002FA9A3 /* DirectUploadViewController.h */,
				A31DABEC1C736729002FA9A3 /* DirectUploadViewController.m */,
			);
			name = Controllers;
			sourceTree = "<group>";
		};
		A352BF541C71FCCF00378A62 /* VideoPics */ = {
			isa = PBXGroup;
			children = (
				A352BF551C71FCDA00378A62 /* vid0.jpg */,
				A352BF561C71FCDA00378A62 /* vid1.jpg */,
				A352BF571C71FCDA00378A62 /* vid2.jpg */,
				A352BF581C71FCDA00378A62 /* vid3.jpg */,
				A352BF591C71FCDA00378A62 /* vid4.jpg */,
				A352BF5A1C71FCDA00378A62 /* vid5.jpg */,
			);
			name = VideoPics;
			sourceTree = "<group>";
		};
		A352BF621C72005000378A62 /* ArticlePics */ = {
			isa = PBXGroup;
			children = (
				A352BF631C72005F00378A62 /* lists-01.png */,
				A352BF641C72005F00378A62 /* lists-02.png */,
				A352BF651C72005F00378A62 /* lists-03.png */,
				A352BF661C72005F00378A62 /* lists-04.png */,
				A352BF671C72005F00378A62 /* lists-05.png */,
				A352BF681C72005F00378A62 /* lists-06.png */,
				A352BF691C72005F00378A62 /* lists-07.png */,
				A352BF6A1C72005F00378A62 /* lists-08.png */,
			);
			name = ArticlePics;
			sourceTree = "<group>";
		};
		A353070B1C7055C200A8B285 /* OptionSelection */ = {
			isa = PBXGroup;
			children = (
				A3AAF6FB1C6BBAE400F3B454 /* OptionSelect.xib */,
				A3AAF7021C6BBCB600F3B454 /* OptionSelect.h */,
				A3AAF7031C6BBCB600F3B454 /* OptionSelect.m */,
				A3AAF6FD1C6BBBA500F3B454 /* OptionCell.xib */,
				A3AAF6FF1C6BBC4C00F3B454 /* OptionCell.h */,
				A3AAF7001C6BBC4C00F3B454 /* OptionCell.m */,
			);
			name = OptionSelection;
			sourceTree = "<group>";
		};
		A3AAF6B01C6BA9CE00F3B454 = {
			isa = PBXGroup;
			children = (
				A3AAF6BB1C6BA9CE00F3B454 /* YIKSON */,
				A3AAF6D51C6BA9CF00F3B454 /* YIKSONTests */,
				A3AAF6E01C6BA9CF00F3B454 /* YIKSONUITests */,
				A3AAF6BA1C6BA9CE00F3B454 /* Products */,
				004D4468C051E056DE2DC1A7 /* Pods */,
				4D2E0F417B6A0F2CA2195E59 /* Frameworks */,
			);
			sourceTree = "<group>";
		};
		A3AAF6BA1C6BA9CE00F3B454 /* Products */ = {
			isa = PBXGroup;
			children = (
				A3AAF6B91C6BA9CE00F3B454 /* YIKSON.app */,
				A3AAF6D21C6BA9CF00F3B454 /* YIKSONTests.xctest */,
				A3AAF6DD1C6BA9CF00F3B454 /* YIKSONUITests.xctest */,
			);
			name = Products;
			sourceTree = "<group>";
		};
		A3AAF6BB1C6BA9CE00F3B454 /* YIKSON */ = {
			isa = PBXGroup;
			children = (
				A352BF521C71FAC200378A62 /* Views */,
				A352BF531C71FAEA00378A62 /* Controllers */,
				A3AAF6BF1C6BA9CE00F3B454 /* AppDelegate.h */,
				A3AAF6C01C6BA9CE00F3B454 /* AppDelegate.m */,
				A3AAF6C51C6BA9CE00F3B454 /* Main.storyboard */,
				A3AAF6C81C6BA9CE00F3B454 /* Assets.xcassets */,
				A3AAF6CA1C6BA9CE00F3B454 /* LaunchScreen.storyboard */,
				A3AAF6CD1C6BA9CE00F3B454 /* Info.plist */,
				A3AAF6BC1C6BA9CE00F3B454 /* Supporting Files */,
			);
			path = YIKSON;
			sourceTree = "<group>";
		};
		A3AAF6BC1C6BA9CE00F3B454 /* Supporting Files */ = {
			isa = PBXGroup;
			children = (
				A3C382C71C723AE00015730F /* mars-curiosity.jpg */,
				A3C382C91C723E910015730F /* YIKSONCOVER.png */,
				A352BF621C72005000378A62 /* ArticlePics */,
				A352BF541C71FCCF00378A62 /* VideoPics */,
				A349FD141C707CC400F33898 /* ProfilePics */,
				A349FCF61C7078BB00F33898 /* FeedImages */,
				A349FD131C707C3F00F33898 /* appicons */,
				A3AAF6BD1C6BA9CE00F3B454 /* main.m */,
				A3225F641C6C598A00430903 /* Yikson-Prefix.pch */,
			);
			name = "Supporting Files";
			sourceTree = "<group>";
		};
		A3AAF6D51C6BA9CF00F3B454 /* YIKSONTests */ = {
			isa = PBXGroup;
			children = (
				A3AAF6D61C6BA9CF00F3B454 /* YIKSONTests.m */,
				A3AAF6D81C6BA9CF00F3B454 /* Info.plist */,
			);
			path = YIKSONTests;
			sourceTree = "<group>";
		};
		A3AAF6E01C6BA9CF00F3B454 /* YIKSONUITests */ = {
			isa = PBXGroup;
			children = (
				A3AAF6E11C6BA9CF00F3B454 /* YIKSONUITests.m */,
				A3AAF6E31C6BA9CF00F3B454 /* Info.plist */,
			);
			path = YIKSONUITests;
			sourceTree = "<group>";
		};
/* End PBXGroup section */

/* Begin PBXNativeTarget section */
		A3AAF6B81C6BA9CE00F3B454 /* YIKSON */ = {
			isa = PBXNativeTarget;
			buildConfigurationList = A3AAF6E61C6BA9CF00F3B454 /* Build configuration list for PBXNativeTarget "YIKSON" */;
			buildPhases = (
				1D21BEAD0AF6B9C165D128C7 /* Check Pods Manifest.lock */,
				A3AAF6B51C6BA9CE00F3B454 /* Sources */,
				A3AAF6B61C6BA9CE00F3B454 /* Frameworks */,
				A3AAF6B71C6BA9CE00F3B454 /* Resources */,
				52DC44B15D36689D685BD132 /* Embed Pods Frameworks */,
				5C55FC79EA8D2C399200883E /* Copy Pods Resources */,
			);
			buildRules = (
			);
			dependencies = (
			);
			name = YIKSON;
			productName = YIKSON;
			productReference = A3AAF6B91C6BA9CE00F3B454 /* YIKSON.app */;
			productType = "com.apple.product-type.application";
		};
		A3AAF6D11C6BA9CF00F3B454 /* YIKSONTests */ = {
			isa = PBXNativeTarget;
			buildConfigurationList = A3AAF6E91C6BA9CF00F3B454 /* Build configuration list for PBXNativeTarget "YIKSONTests" */;
			buildPhases = (
				A3AAF6CE1C6BA9CF00F3B454 /* Sources */,
				A3AAF6CF1C6BA9CF00F3B454 /* Frameworks */,
				A3AAF6D01C6BA9CF00F3B454 /* Resources */,
			);
			buildRules = (
			);
			dependencies = (
				A3AAF6D41C6BA9CF00F3B454 /* PBXTargetDependency */,
			);
			name = YIKSONTests;
			productName = YIKSONTests;
			productReference = A3AAF6D21C6BA9CF00F3B454 /* YIKSONTests.xctest */;
			productType = "com.apple.product-type.bundle.unit-test";
		};
		A3AAF6DC1C6BA9CF00F3B454 /* YIKSONUITests */ = {
			isa = PBXNativeTarget;
			buildConfigurationList = A3AAF6EC1C6BA9CF00F3B454 /* Build configuration list for PBXNativeTarget "YIKSONUITests" */;
			buildPhases = (
				A3AAF6D91C6BA9CF00F3B454 /* Sources */,
				A3AAF6DA1C6BA9CF00F3B454 /* Frameworks */,
				A3AAF6DB1C6BA9CF00F3B454 /* Resources */,
			);
			buildRules = (
			);
			dependencies = (
				A3AAF6DF1C6BA9CF00F3B454 /* PBXTargetDependency */,
			);
			name = YIKSONUITests;
			productName = YIKSONUITests;
			productReference = A3AAF6DD1C6BA9CF00F3B454 /* YIKSONUITests.xctest */;
			productType = "com.apple.product-type.bundle.ui-testing";
		};
/* End PBXNativeTarget section */

/* Begin PBXProject section */
		A3AAF6B11C6BA9CE00F3B454 /* Project object */ = {
			isa = PBXProject;
			attributes = {
				LastUpgradeCheck = 0720;
				ORGANIZATIONNAME = "Shubham Sorte";
				TargetAttributes = {
					A3AAF6B81C6BA9CE00F3B454 = {
						CreatedOnToolsVersion = 7.2;
					};
					A3AAF6D11C6BA9CF00F3B454 = {
						CreatedOnToolsVersion = 7.2;
						TestTargetID = A3AAF6B81C6BA9CE00F3B454;
					};
					A3AAF6DC1C6BA9CF00F3B454 = {
						CreatedOnToolsVersion = 7.2;
						TestTargetID = A3AAF6B81C6BA9CE00F3B454;
					};
				};
			};
			buildConfigurationList = A3AAF6B41C6BA9CE00F3B454 /* Build configuration list for PBXProject "YIKSON" */;
			compatibilityVersion = "Xcode 3.2";
			developmentRegion = English;
			hasScannedForEncodings = 0;
			knownRegions = (
				en,
				Base,
			);
			mainGroup = A3AAF6B01C6BA9CE00F3B454;
			productRefGroup = A3AAF6BA1C6BA9CE00F3B454 /* Products */;
			projectDirPath = "";
			projectRoot = "";
			targets = (
				A3AAF6B81C6BA9CE00F3B454 /* YIKSON */,
				A3AAF6D11C6BA9CF00F3B454 /* YIKSONTests */,
				A3AAF6DC1C6BA9CF00F3B454 /* YIKSONUITests */,
			);
		};
/* End PBXProject section */

/* Begin PBXResourcesBuildPhase section */
		A3AAF6B71C6BA9CE00F3B454 /* Resources */ = {
			isa = PBXResourcesBuildPhase;
			buildActionMask = 2147483647;
			files = (
				A3AAF6F61C6BAD1D00F3B454 /* appicon-02.png in Resources */,
				A352BF5B1C71FCDA00378A62 /* vid0.jpg in Resources */,
				A349FD041C7078F600F33898 /* feed5.png in Resources */,
				A3AAF6F71C6BAD1D00F3B454 /* appicon-03.png in Resources */,
				A352BF6F1C72005F00378A62 /* lists-05.png in Resources */,
				A352BF5C1C71FCDA00378A62 /* vid1.jpg in Resources */,
				A349FD1E1C707CDE00F33898 /* pic3.png in Resources */,
				A349FD0E1C707A8400F33898 /* appicon-16.png in Resources */,
				A3C382D21C7242150015730F /* appicon-08.png in Resources */,
				A352BF6C1C72005F00378A62 /* lists-02.png in Resources */,
				A349FD111C707A8400F33898 /* appicon-19.png in Resources */,
				A349FD021C7078F600F33898 /* feed3.png in Resources */,
				A352BF5D1C71FCDA00378A62 /* vid2.jpg in Resources */,
				A349FD031C7078F600F33898 /* feed4.png in Resources */,
				A352BF6B1C72005F00378A62 /* lists-01.png in Resources */,
				A349FD1F1C707CDE00F33898 /* pic54.png in Resources */,
				A3AAF7111C6BC51400F3B454 /* appicon-06.png in Resources */,
				A3AAF6FE1C6BBBA500F3B454 /* OptionCell.xib in Resources */,
				A349FD0F1C707A8400F33898 /* appicon-17.png in Resources */,
				A3AAF6CC1C6BA9CE00F3B454 /* LaunchScreen.storyboard in Resources */,
				A352BF721C72005F00378A62 /* lists-08.png in Resources */,
				A352BF601C71FCDA00378A62 /* vid5.jpg in Resources */,
				A3AAF6F81C6BAD1D00F3B454 /* appicon-04.png in Resources */,
				A3C382CA1C723E910015730F /* YIKSONCOVER.png in Resources */,
				A349FD1B1C707CDE00F33898 /* pic0.png in Resources */,
				A349FD061C7078F600F33898 /* feed7.png in Resources */,
				A349FD001C7078F600F33898 /* feed1.png in Resources */,
				A352BF6E1C72005F00378A62 /* lists-04.png in Resources */,
				A349FD201C707CDE00F33898 /* pic5.png in Resources */,
				A3AAF6F41C6BAD1D00F3B454 /* appicon-01.png in Resources */,
				A349FD1D1C707CDE00F33898 /* pic2.png in Resources */,
				A3C382CD1C723FD00015730F /* ProfileMainCell.xib in Resources */,
				A349FD051C7078F600F33898 /* feed6.png in Resources */,
				A352BF6D1C72005F00378A62 /* lists-03.png in Resources */,
				A349FD221C70831B00F33898 /* CustomCollectionViewCell.xib in Resources */,
				A3AAF6FC1C6BBAE400F3B454 /* OptionSelect.xib in Resources */,
				A352BF5E1C71FCDA00378A62 /* vid3.jpg in Resources */,
				A3AAF6FA1C6BB2D000F3B454 /* logonavbar.png in Resources */,
				A349FCFF1C7078F600F33898 /* feed0.png in Resources */,
				A3C382D41C7242150015730F /* appicon-10.png in Resources */,
				A349FD0D1C707A8400F33898 /* appicon-15.png in Resources */,
				A352BF711C72005F00378A62 /* lists-07.png in Resources */,
				A349FD101C707A8400F33898 /* appicon-18.png in Resources */,
				A352BF5F1C71FCDA00378A62 /* vid4.jpg in Resources */,
				A349FCF21C70760100F33898 /* NewsFeedView.xib in Resources */,
				A349FD121C707A8400F33898 /* appicon-20.png in Resources */,
				A3AAF6C91C6BA9CE00F3B454 /* Assets.xcassets in Resources */,
				A3C382D31C7242150015730F /* appicon-09.png in Resources */,
				A352BF701C72005F00378A62 /* lists-06.png in Resources */,
				A3C382C81C723AE00015730F /* mars-curiosity.jpg in Resources */,
				A3AAF6C71C6BA9CE00F3B454 /* Main.storyboard in Resources */,
				A3AAF70F1C6BC51000F3B454 /* appicon-05.png in Resources */,
				A349FD011C7078F600F33898 /* feed2.png in Resources */,
				A349FD1C1C707CDE00F33898 /* pic1.png in Resources */,
				A3C382D51C7242150015730F /* appicon-11.png in Resources */,
			);
			runOnlyForDeploymentPostprocessing = 0;
		};
		A3AAF6D01C6BA9CF00F3B454 /* Resources */ = {
			isa = PBXResourcesBuildPhase;
			buildActionMask = 2147483647;
			files = (
			);
			runOnlyForDeploymentPostprocessing = 0;
		};
		A3AAF6DB1C6BA9CF00F3B454 /* Resources */ = {
			isa = PBXResourcesBuildPhase;
			buildActionMask = 2147483647;
			files = (
			);
			runOnlyForDeploymentPostprocessing = 0;
		};
/* End PBXResourcesBuildPhase section */

/* Begin PBXShellScriptBuildPhase section */
		1D21BEAD0AF6B9C165D128C7 /* Check Pods Manifest.lock */ = {
			isa = PBXShellScriptBuildPhase;
			buildActionMask = 2147483647;
			files = (
			);
			inputPaths = (
			);
			name = "Check Pods Manifest.lock";
			outputPaths = (
			);
			runOnlyForDeploymentPostprocessing = 0;
			shellPath = /bin/sh;
			shellScript = "diff \"${PODS_ROOT}/../Podfile.lock\" \"${PODS_ROOT}/Manifest.lock\" > /dev/null\nif [[ $? != 0 ]] ; then\n    cat << EOM\nerror: The sandbox is not in sync with the Podfile.lock. Run 'pod install' or update your CocoaPods installation.\nEOM\n    exit 1\nfi\n";
			showEnvVarsInLog = 0;
		};
		52DC44B15D36689D685BD132 /* Embed Pods Frameworks */ = {
			isa = PBXShellScriptBuildPhase;
			buildActionMask = 2147483647;
			files = (
			);
			inputPaths = (
			);
			name = "Embed Pods Frameworks";
			outputPaths = (
			);
			runOnlyForDeploymentPostprocessing = 0;
			shellPath = /bin/sh;
			shellScript = "\"${SRCROOT}/Pods/Target Support Files/Pods/Pods-frameworks.sh\"\n";
			showEnvVarsInLog = 0;
		};
		5C55FC79EA8D2C399200883E /* Copy Pods Resources */ = {
			isa = PBXShellScriptBuildPhase;
			buildActionMask = 2147483647;
			files = (
			);
			inputPaths = (
			);
			name = "Copy Pods Resources";
			outputPaths = (
			);
			runOnlyForDeploymentPostprocessing = 0;
			shellPath = /bin/sh;
			shellScript = "\"${SRCROOT}/Pods/Target Support Files/Pods/Pods-resources.sh\"\n";
			showEnvVarsInLog = 0;
		};
/* End PBXShellScriptBuildPhase section */

/* Begin PBXSourcesBuildPhase section */
		A3AAF6B51C6BA9CE00F3B454 /* Sources */ = {
			isa = PBXSourcesBuildPhase;
			buildActionMask = 2147483647;
			files = (
				A3AAF7041C6BBCB600F3B454 /* OptionSelect.m in Sources */,
				A31DABED1C736729002FA9A3 /* DirectUploadViewController.m in Sources */,
				A3AAF7141C6BC6AD00F3B454 /* ProfileViewController.m in Sources */,
				A3AAF7011C6BBC4C00F3B454 /* OptionCell.m in Sources */,
				A349FD251C70837900F33898 /* CustomCollectionViewCell.m in Sources */,
				A3C382D81C7243AF0015730F /* ProfileMainTableViewCell.m in Sources */,
				A352BF751C7209E500378A62 /* ContentViewController.m in Sources */,
				A31DABEA1C736273002FA9A3 /* PostContentOptionsTableViewController.m in Sources */,
				A3225F671C6C5A0900430903 /* NewsFeedViewController.m in Sources */,
				A3AAF6C11C6BA9CE00F3B454 /* AppDelegate.m in Sources */,
				A3AAF7071C6BBDA100F3B454 /* FeedViewController.m in Sources */,
				A3C382C61C7239140015730F /* ArticleContentViewController.m in Sources */,
				A3AAF70D1C6BC38800F3B454 /* ArticleViewController.m in Sources */,
				A39F1A521C724AE000ADBCCB /* PostCreatorViewController.m in Sources */,
				A349FCF51C7077BB00F33898 /* NewsFeedTableViewCell.m in Sources */,
				A3AAF70A1C6BC22600F3B454 /* VideoFeedViewController.m in Sources */,
				A3AAF6BE1C6BA9CE00F3B454 /* main.m in Sources */,
			);
			runOnlyForDeploymentPostprocessing = 0;
		};
		A3AAF6CE1C6BA9CF00F3B454 /* Sources */ = {
			isa = PBXSourcesBuildPhase;
			buildActionMask = 2147483647;
			files = (
				A3AAF6D71C6BA9CF00F3B454 /* YIKSONTests.m in Sources */,
			);
			runOnlyForDeploymentPostprocessing = 0;
		};
		A3AAF6D91C6BA9CF00F3B454 /* Sources */ = {
			isa = PBXSourcesBuildPhase;
			buildActionMask = 2147483647;
			files = (
				A3AAF6E21C6BA9CF00F3B454 /* YIKSONUITests.m in Sources */,
			);
			runOnlyForDeploymentPostprocessing = 0;
		};
/* End PBXSourcesBuildPhase section */

/* Begin PBXTargetDependency section */
		A3AAF6D41C6BA9CF00F3B454 /* PBXTargetDependency */ = {
			isa = PBXTargetDependency;
			target = A3AAF6B81C6BA9CE00F3B454 /* YIKSON */;
			targetProxy = A3AAF6D31C6BA9CF00F3B454 /* PBXContainerItemProxy */;
		};
		A3AAF6DF1C6BA9CF00F3B454 /* PBXTargetDependency */ = {
			isa = PBXTargetDependency;
			target = A3AAF6B81C6BA9CE00F3B454 /* YIKSON */;
			targetProxy = A3AAF6DE1C6BA9CF00F3B454 /* PBXContainerItemProxy */;
		};
/* End PBXTargetDependency section */

/* Begin PBXVariantGroup section */
		A3AAF6C51C6BA9CE00F3B454 /* Main.storyboard */ = {
			isa = PBXVariantGroup;
			children = (
				A3AAF6C61C6BA9CE00F3B454 /* Base */,
			);
			name = Main.storyboard;
			sourceTree = "<group>";
		};
		A3AAF6CA1C6BA9CE00F3B454 /* LaunchScreen.storyboard */ = {
			isa = PBXVariantGroup;
			children = (
				A3AAF6CB1C6BA9CE00F3B454 /* Base */,
			);
			name = LaunchScreen.storyboard;
			sourceTree = "<group>";
		};
/* End PBXVariantGroup section */

/* Begin XCBuildConfiguration section */
		A3AAF6E41C6BA9CF00F3B454 /* Debug */ = {
			isa = XCBuildConfiguration;
			buildSettings = {
				ALWAYS_SEARCH_USER_PATHS = NO;
				CLANG_CXX_LANGUAGE_STANDARD = "gnu++0x";
				CLANG_CXX_LIBRARY = "libc++";
				CLANG_ENABLE_MODULES = YES;
				CLANG_ENABLE_OBJC_ARC = YES;
				CLANG_WARN_BOOL_CONVERSION = YES;
				CLANG_WARN_CONSTANT_CONVERSION = YES;
				CLANG_WARN_DIRECT_OBJC_ISA_USAGE = YES_ERROR;
				CLANG_WARN_EMPTY_BODY = YES;
				CLANG_WARN_ENUM_CONVERSION = YES;
				CLANG_WARN_INT_CONVERSION = YES;
				CLANG_WARN_OBJC_ROOT_CLASS = YES_ERROR;
				CLANG_WARN_UNREACHABLE_CODE = YES;
				CLANG_WARN__DUPLICATE_METHOD_MATCH = YES;
				"CODE_SIGN_IDENTITY[sdk=iphoneos*]" = "iPhone Developer";
				COPY_PHASE_STRIP = NO;
				DEBUG_INFORMATION_FORMAT = dwarf;
				ENABLE_STRICT_OBJC_MSGSEND = YES;
				ENABLE_TESTABILITY = YES;
				GCC_C_LANGUAGE_STANDARD = gnu99;
				GCC_DYNAMIC_NO_PIC = NO;
				GCC_NO_COMMON_BLOCKS = YES;
				GCC_OPTIMIZATION_LEVEL = 0;
				GCC_PREPROCESSOR_DEFINITIONS = (
					"DEBUG=1",
					"$(inherited)",
				);
				GCC_WARN_64_TO_32_BIT_CONVERSION = YES;
				GCC_WARN_ABOUT_RETURN_TYPE = YES_ERROR;
				GCC_WARN_UNDECLARED_SELECTOR = YES;
				GCC_WARN_UNINITIALIZED_AUTOS = YES_AGGRESSIVE;
				GCC_WARN_UNUSED_FUNCTION = YES;
				GCC_WARN_UNUSED_VARIABLE = YES;
				IPHONEOS_DEPLOYMENT_TARGET = 9.2;
				MTL_ENABLE_DEBUG_INFO = YES;
				ONLY_ACTIVE_ARCH = YES;
				SDKROOT = iphoneos;
			};
			name = Debug;
		};
		A3AAF6E51C6BA9CF00F3B454 /* Release */ = {
			isa = XCBuildConfiguration;
			buildSettings = {
				ALWAYS_SEARCH_USER_PATHS = NO;
				CLANG_CXX_LANGUAGE_STANDARD = "gnu++0x";
				CLANG_CXX_LIBRARY = "libc++";
				CLANG_ENABLE_MODULES = YES;
				CLANG_ENABLE_OBJC_ARC = YES;
				CLANG_WARN_BOOL_CONVERSION = YES;
				CLANG_WARN_CONSTANT_CONVERSION = YES;
				CLANG_WARN_DIRECT_OBJC_ISA_USAGE = YES_ERROR;
				CLANG_WARN_EMPTY_BODY = YES;
				CLANG_WARN_ENUM_CONVERSION = YES;
				CLANG_WARN_INT_CONVERSION = YES;
				CLANG_WARN_OBJC_ROOT_CLASS = YES_ERROR;
				CLANG_WARN_UNREACHABLE_CODE = YES;
				CLANG_WARN__DUPLICATE_METHOD_MATCH = YES;
				"CODE_SIGN_IDENTITY[sdk=iphoneos*]" = "iPhone Developer";
				COPY_PHASE_STRIP = NO;
				DEBUG_INFORMATION_FORMAT = "dwarf-with-dsym";
				ENABLE_NS_ASSERTIONS = NO;
				ENABLE_STRICT_OBJC_MSGSEND = YES;
				GCC_C_LANGUAGE_STANDARD = gnu99;
				GCC_NO_COMMON_BLOCKS = YES;
				GCC_WARN_64_TO_32_BIT_CONVERSION = YES;
				GCC_WARN_ABOUT_RETURN_TYPE = YES_ERROR;
				GCC_WARN_UNDECLARED_SELECTOR = YES;
				GCC_WARN_UNINITIALIZED_AUTOS = YES_AGGRESSIVE;
				GCC_WARN_UNUSED_FUNCTION = YES;
				GCC_WARN_UNUSED_VARIABLE = YES;
				IPHONEOS_DEPLOYMENT_TARGET = 9.2;
				MTL_ENABLE_DEBUG_INFO = NO;
				SDKROOT = iphoneos;
				VALIDATE_PRODUCT = YES;
			};
			name = Release;
		};
		A3AAF6E71C6BA9CF00F3B454 /* Debug */ = {
			isa = XCBuildConfiguration;
			baseConfigurationReference = A959F9DA47511FD5E705F95B /* Pods.debug.xcconfig */;
			buildSettings = {
				ASSETCATALOG_COMPILER_APPICON_NAME = AppIcon;
				GCC_PRECOMPILE_PREFIX_HEADER = YES;
				GCC_PREFIX_HEADER = "YIKSON/Yikson-Prefix.pch";
				INFOPLIST_FILE = YIKSON/Info.plist;
				IPHONEOS_DEPLOYMENT_TARGET = 8.0;
				LD_RUNPATH_SEARCH_PATHS = "$(inherited) @executable_path/Frameworks";
				PRODUCT_BUNDLE_IDENTIFIER = com.yikson.YIKSON;
				PRODUCT_NAME = "$(TARGET_NAME)";
			};
			name = Debug;
		};
		A3AAF6E81C6BA9CF00F3B454 /* Release */ = {
			isa = XCBuildConfiguration;
			baseConfigurationReference = FBBD9D81F964DD355C39238F /* Pods.release.xcconfig */;
			buildSettings = {
				ASSETCATALOG_COMPILER_APPICON_NAME = AppIcon;
				GCC_PRECOMPILE_PREFIX_HEADER = YES;
				GCC_PREFIX_HEADER = "YIKSON/Yikson-Prefix.pch";
				INFOPLIST_FILE = YIKSON/Info.plist;
				IPHONEOS_DEPLOYMENT_TARGET = 8.0;
				LD_RUNPATH_SEARCH_PATHS = "$(inherited) @executable_path/Frameworks";
				PRODUCT_BUNDLE_IDENTIFIER = com.yikson.YIKSON;
				PRODUCT_NAME = "$(TARGET_NAME)";
			};
			name = Release;
		};
		A3AAF6EA1C6BA9CF00F3B454 /* Debug */ = {
			isa = XCBuildConfiguration;
			buildSettings = {
				BUNDLE_LOADER = "$(TEST_HOST)";
				INFOPLIST_FILE = YIKSONTests/Info.plist;
				LD_RUNPATH_SEARCH_PATHS = "$(inherited) @executable_path/Frameworks @loader_path/Frameworks";
				PRODUCT_BUNDLE_IDENTIFIER = com.yikson.YIKSONTests;
				PRODUCT_NAME = "$(TARGET_NAME)";
				TEST_HOST = "$(BUILT_PRODUCTS_DIR)/YIKSON.app/YIKSON";
			};
			name = Debug;
		};
		A3AAF6EB1C6BA9CF00F3B454 /* Release */ = {
			isa = XCBuildConfiguration;
			buildSettings = {
				BUNDLE_LOADER = "$(TEST_HOST)";
				INFOPLIST_FILE = YIKSONTests/Info.plist;
				LD_RUNPATH_SEARCH_PATHS = "$(inherited) @executable_path/Frameworks @loader_path/Frameworks";
				PRODUCT_BUNDLE_IDENTIFIER = com.yikson.YIKSONTests;
				PRODUCT_NAME = "$(TARGET_NAME)";
				TEST_HOST = "$(BUILT_PRODUCTS_DIR)/YIKSON.app/YIKSON";
			};
			name = Release;
		};
		A3AAF6ED1C6BA9CF00F3B454 /* Debug */ = {
			isa = XCBuildConfiguration;
			buildSettings = {
				INFOPLIST_FILE = YIKSONUITests/Info.plist;
				LD_RUNPATH_SEARCH_PATHS = "$(inherited) @executable_path/Frameworks @loader_path/Frameworks";
				PRODUCT_BUNDLE_IDENTIFIER = com.yikson.YIKSONUITests;
				PRODUCT_NAME = "$(TARGET_NAME)";
				TEST_TARGET_NAME = YIKSON;
				USES_XCTRUNNER = YES;
			};
			name = Debug;
		};
		A3AAF6EE1C6BA9CF00F3B454 /* Release */ = {
			isa = XCBuildConfiguration;
			buildSettings = {
				INFOPLIST_FILE = YIKSONUITests/Info.plist;
				LD_RUNPATH_SEARCH_PATHS = "$(inherited) @executable_path/Frameworks @loader_path/Frameworks";
				PRODUCT_BUNDLE_IDENTIFIER = com.yikson.YIKSONUITests;
				PRODUCT_NAME = "$(TARGET_NAME)";
				TEST_TARGET_NAME = YIKSON;
				USES_XCTRUNNER = YES;
			};
			name = Release;
		};
/* End XCBuildConfiguration section */

/* Begin XCConfigurationList section */
		A3AAF6B41C6BA9CE00F3B454 /* Build configuration list for PBXProject "YIKSON" */ = {
			isa = XCConfigurationList;
			buildConfigurations = (
				A3AAF6E41C6BA9CF00F3B454 /* Debug */,
				A3AAF6E51C6BA9CF00F3B454 /* Release */,
			);
			defaultConfigurationIsVisible = 0;
			defaultConfigurationName = Release;
		};
		A3AAF6E61C6BA9CF00F3B454 /* Build configuration list for PBXNativeTarget "YIKSON" */ = {
			isa = XCConfigurationList;
			buildConfigurations = (
				A3AAF6E71C6BA9CF00F3B454 /* Debug */,
				A3AAF6E81C6BA9CF00F3B454 /* Release */,
			);
			defaultConfigurationIsVisible = 0;
			defaultConfigurationName = Release;
		};
		A3AAF6E91C6BA9CF00F3B454 /* Build configuration list for PBXNativeTarget "YIKSONTests" */ = {
			isa = XCConfigurationList;
			buildConfigurations = (
				A3AAF6EA1C6BA9CF00F3B454 /* Debug */,
				A3AAF6EB1C6BA9CF00F3B454 /* Release */,
			);
			defaultConfigurationIsVisible = 0;
			defaultConfigurationName = Release;
		};
		A3AAF6EC1C6BA9CF00F3B454 /* Build configuration list for PBXNativeTarget "YIKSONUITests" */ = {
			isa = XCConfigurationList;
			buildConfigurations = (
				A3AAF6ED1C6BA9CF00F3B454 /* Debug */,
				A3AAF6EE1C6BA9CF00F3B454 /* Release */,
			);
			defaultConfigurationIsVisible = 0;
			defaultConfigurationName = Release;
		};
/* End XCConfigurationList section */
	};
	rootObject = A3AAF6B11C6BA9CE00F3B454 /* Project object */;
}
